# Generated by pub
# See https://dart.dev/tools/pub/glossary#lockfile
packages:
  archive:
    dependency: transitive
    description:
      name: archive
      sha256: cdecf5f45a132ba5671845ec126269a17a69979c0f385852ad4a7d8639016441
      url: "https://pub.dev"
    source: hosted
    version: "3.2.2"
  async:
    dependency: transitive
    description:
      name: async
      sha256: "947bfcf187f74dbc5e146c9eb9c0f10c9f8b30743e341481c1e2ed3ecc18c20c"
      url: "https://pub.dev"
    source: hosted
    version: "2.11.0"
  barcode:
    dependency: transitive
    description:
      name: barcode
      sha256: c1e48917f2a8e76e40bb00948d37ad1f225cec788498b8554738c39ccaef73ad
      url: "https://pub.dev"
    source: hosted
    version: "2.2.0"
  boolean_selector:
    dependency: transitive
    description:
      name: boolean_selector
      sha256: "6cfb5af12253eaf2b368f07bacc5a80d1301a071c73360d746b7f2e32d762c66"
      url: "https://pub.dev"
    source: hosted
    version: "2.1.1"
  characters:
    dependency: transitive
    description:
      name: characters
      sha256: "04a925763edad70e8443c99234dc3328f442e811f1d8fd1a72f1c8ad0f69a605"
      url: "https://pub.dev"
    source: hosted
    version: "1.3.0"
  charcode:
    dependency: transitive
    description:
      name: charcode
      sha256: fb98c0f6d12c920a02ee2d998da788bca066ca5f148492b7085ee23372b12306
      url: "https://pub.dev"
    source: hosted
    version: "1.3.1"
  clock:
    dependency: transitive
    description:
      name: clock
      sha256: cb6d7f03e1de671e34607e909a7213e31d7752be4fb66a86d29fe1eb14bfb5cf
      url: "https://pub.dev"
    source: hosted
    version: "1.1.1"
  cloud_firestore:
    dependency: "direct main"
    description:
      name: cloud_firestore
      sha256: af934b125e703740e223d619ec06750629484223b6978d8a9679470e1b9c691e
      url: "https://pub.dev"
    source: hosted
    version: "3.1.10"
  cloud_firestore_platform_interface:
    dependency: transitive
    description:
      name: cloud_firestore_platform_interface
      sha256: "42e52a721c1d845d2749eecf969e643e63444f203625c71006f7b08042fe6d7b"
      url: "https://pub.dev"
    source: hosted
    version: "5.5.1"
  cloud_firestore_web:
    dependency: transitive
    description:
      name: cloud_firestore_web
      sha256: "8c17b7c96a8d08be2fa08068da33f73f1b2c3e87511c12ce0a7adbd97cfaee22"
      url: "https://pub.dev"
    source: hosted
    version: "2.6.10"
  collection:
    dependency: transitive
    description:
      name: collection
      sha256: ee67cb0715911d28db6bf4af1026078bd6f0128b07a5f66fb2ed94ec6783c09a
      url: "https://pub.dev"
    source: hosted
    version: "1.18.0"
  cross_file:
    dependency: transitive
    description:
      name: cross_file
      sha256: "552ffd2f851d4314958e6265452af1891959e00cd32b6d17452c5b836e27a0fa"
      url: "https://pub.dev"
    source: hosted
    version: "0.3.2"
  crypto:
    dependency: transitive
    description:
      name: crypto
      sha256: cf75650c66c0316274e21d7c43d3dea246273af5955bd94e8184837cd577575c
      url: "https://pub.dev"
    source: hosted
    version: "3.0.1"
  csslib:
    dependency: transitive
    description:
      name: csslib
      sha256: d1cd6d6e4b39a4ad295204722b8608f19981677b223f3e942c0b5a33dcf57ec0
      url: "https://pub.dev"
    source: hosted
    version: "0.17.1"
  cupertino_icons:
    dependency: "direct main"
    description:
      name: cupertino_icons
      sha256: "1989d917fbe8e6b39806207df5a3fdd3d816cbd090fac2ce26fb45e9a71476e5"
      url: "https://pub.dev"
    source: hosted
    version: "1.0.4"
  esc_pos_bluetooth:
    dependency: "direct main"
    description:
      name: esc_pos_bluetooth
      sha256: "46455b48afeeb5eabdfdde59697e0328247df6537f6d5e8d8f6664975e886e4b"
      url: "https://pub.dev"
    source: hosted
    version: "0.4.1"
  esc_pos_utils:
    dependency: transitive
    description:
      name: esc_pos_utils
      sha256: "8ec0013d7a7f1e790ced6b09b95ce3bf2c6f9468a3e2bc49ece000761d86c6f8"
      url: "https://pub.dev"
    source: hosted
    version: "1.1.0"
  fake_async:
    dependency: transitive
    description:
      name: fake_async
      sha256: "511392330127add0b769b75a987850d136345d9227c6b94c96a04cf4a391bf78"
      url: "https://pub.dev"
    source: hosted
    version: "1.3.1"
  ffi:
    dependency: transitive
    description:
      name: ffi
      sha256: "35d0f481d939de0d640b3db9a7aa36a52cd22054a798a73b4f50bdad5ce12678"
      url: "https://pub.dev"
    source: hosted
    version: "1.1.2"
  file:
    dependency: transitive
    description:
      name: file
      sha256: b69516f2c26a5bcac4eee2e32512e1a5205ab312b3536c1c1227b2b942b5f9ad
      url: "https://pub.dev"
    source: hosted
    version: "6.1.2"
  firebase_auth:
    dependency: "direct main"
    description:
      name: firebase_auth
      sha256: d979f344ad834ba668bd1cd914ab647cc6f62c2da39925cc92674a6c830a1195
      url: "https://pub.dev"
    source: hosted
    version: "3.3.9"
  firebase_auth_platform_interface:
    dependency: transitive
    description:
      name: firebase_auth_platform_interface
      sha256: "40afbb49986c8f99f8b8f4bc06306aacabcfc07c127a48e9754c360a40228255"
      url: "https://pub.dev"
    source: hosted
    version: "6.2.1"
  firebase_auth_web:
    dependency: transitive
    description:
      name: firebase_auth_web
      sha256: d899c8f77b969838c5daf26546086cea87289c9cc1ba0502c951eba6272c9fe2
      url: "https://pub.dev"
    source: hosted
    version: "3.3.9"
  firebase_core:
    dependency: "direct main"
    description:
      name: firebase_core
      sha256: "2734531342794c847420f92ae85cc35c12135203ff919c2c5d4cfbca5d2de7bc"
      url: "https://pub.dev"
    source: hosted
    version: "1.13.1"
  firebase_core_platform_interface:
    dependency: transitive
    description:
      name: firebase_core_platform_interface
      sha256: "3ddf85857836d32d09e6f77dd7f51f81899a836cf19670970b70e101d93539fd"
      url: "https://pub.dev"
    source: hosted
    version: "4.2.5"
  firebase_core_web:
    dependency: transitive
    description:
      name: firebase_core_web
      sha256: "93cd5b67a433f07ca503258781680fc29810607adf412dbb20a7e491b3fd19cb"
      url: "https://pub.dev"
    source: hosted
    version: "1.6.1"
  firebase_storage:
    dependency: "direct main"
    description:
      name: firebase_storage
      sha256: c6fdd5abe8da04f3b97644029eab04d9b038f0362d7d8d66c756149750d32b33
      url: "https://pub.dev"
    source: hosted
    version: "10.2.9"
  firebase_storage_platform_interface:
    dependency: transitive
    description:
      name: firebase_storage_platform_interface
      sha256: f39e846912158a166eb9bbf4eb2085c7cb05d05b2c6e0fcf06d2368fb815ce2e
      url: "https://pub.dev"
    source: hosted
    version: "4.1.1"
  firebase_storage_web:
    dependency: transitive
    description:
      name: firebase_storage_web
      sha256: "67db03859f3b7bb6922192edc985585964b9bfa4d04143a8dcb052e3d9b9e3b2"
      url: "https://pub.dev"
    source: hosted
    version: "3.2.10"
  flutter:
    dependency: "direct main"
    description: flutter
    source: sdk
    version: "0.0.0"
  flutter_bluetooth_basic:
    dependency: transitive
    description:
      name: flutter_bluetooth_basic
      sha256: e81a2c5e9340660b4832831b33d9f3c1f1b098c8f924bc1dafef9702c5985921
      url: "https://pub.dev"
    source: hosted
    version: "0.1.7"
  flutter_lints:
    dependency: "direct dev"
    description:
      name: flutter_lints
      sha256: b543301ad291598523947dc534aaddc5aaad597b709d2426d3a0e0d44c5cb493
      url: "https://pub.dev"
    source: hosted
    version: "1.0.4"
  flutter_plugin_android_lifecycle:
    dependency: transitive
    description:
      name: flutter_plugin_android_lifecycle
      sha256: "5c574d21b98ec92adab05ead10afd2b13ff5856c7ca79696edb338a9dd8ed387"
      url: "https://pub.dev"
    source: hosted
    version: "2.0.5"
  flutter_test:
    dependency: "direct dev"
    description: flutter
    source: sdk
    version: "0.0.0"
  flutter_web_plugins:
    dependency: transitive
    description: flutter
    source: sdk
    version: "0.0.0"
  gbk_codec:
    dependency: transitive
    description:
      name: gbk_codec
      sha256: "3af5311fc9393115e3650ae6023862adf998051a804a08fb804f042724999f61"
      url: "https://pub.dev"
    source: hosted
    version: "0.4.0"
  hex:
    dependency: transitive
    description:
      name: hex
      sha256: "4e7cd54e4b59ba026432a6be2dd9d96e4c5205725194997193bf871703b82c4a"
      url: "https://pub.dev"
    source: hosted
    version: "0.2.0"
  html:
    dependency: transitive
    description:
      name: html
      sha256: bfef906cbd4e78ef49ae511d9074aebd1d2251482ef601a280973e8b58b51bbf
      url: "https://pub.dev"
    source: hosted
    version: "0.15.0"
  http:
    dependency: transitive
    description:
      name: http
      sha256: "2ed163531e071c2c6b7c659635112f24cb64ecbebf6af46b550d536c0b1aa112"
      url: "https://pub.dev"
    source: hosted
    version: "0.13.4"
  http_parser:
    dependency: transitive
    description:
      name: http_parser
      sha256: e362d639ba3bc07d5a71faebb98cde68c05bfbcfbbb444b60b6f60bb67719185
      url: "https://pub.dev"
    source: hosted
    version: "4.0.0"
  image:
    dependency: transitive
    description:
      name: image
      sha256: "02bafd3b4f399bfeb10034deba9753d93b55ce41cd0c4d3d8b355626f80e5b32"
      url: "https://pub.dev"
    source: hosted
    version: "3.1.3"
  image_picker:
    dependency: "direct main"
    description:
      name: image_picker
      sha256: "28769e99d4a61b810a5b15c3d7a1dbdaf3b48273e5d26fbf7ad4d72f3a222dc3"
      url: "https://pub.dev"
    source: hosted
    version: "0.8.4+10"
  image_picker_for_web:
    dependency: transitive
    description:
      name: image_picker_for_web
      sha256: "837609ccdb538b6d255808f6920179af004f2fecd1eb529fb14d313c289a9333"
      url: "https://pub.dev"
    source: hosted
    version: "2.1.6"
  image_picker_platform_interface:
    dependency: transitive
    description:
      name: image_picker_platform_interface
      sha256: "32eeb07cc4cac86ff61d5f4efb5756098e17841411ad010f380a61837da9eaf6"
      url: "https://pub.dev"
    source: hosted
    version: "2.4.4"
  intl:
    dependency: transitive
    description:
      name: intl
      sha256: "910f85bce16fb5c6f614e117efa303e85a1731bb0081edf3604a2ae6e9a3cc91"
      url: "https://pub.dev"
    source: hosted
    version: "0.17.0"
  js:
    dependency: transitive
    description:
      name: js
      sha256: d9bdfd70d828eeb352390f81b18d6a354ef2044aa28ef25682079797fa7cd174
      url: "https://pub.dev"
    source: hosted
    version: "0.6.3"
  json_annotation:
    dependency: transitive
    description:
      name: json_annotation
      sha256: "2639efc0237c7b71c6584696c0847ea4e4733ddaf571ae9c79d5295e8ae17272"
      url: "https://pub.dev"
    source: hosted
    version: "4.4.0"
  lints:
    dependency: transitive
    description:
      name: lints
      sha256: a2c3d198cb5ea2e179926622d433331d8b58374ab8f29cdda6e863bd62fd369c
      url: "https://pub.dev"
    source: hosted
    version: "1.0.1"
  matcher:
    dependency: transitive
    description:
      name: matcher
      sha256: "1803e76e6653768d64ed8ff2e1e67bea3ad4b923eb5c56a295c3e634bad5960e"
      url: "https://pub.dev"
    source: hosted
    version: "0.12.16"
  material_color_utilities:
    dependency: transitive
    description:
      name: material_color_utilities
      sha256: "9528f2f296073ff54cb9fee677df673ace1218163c3bc7628093e7eed5203d41"
      url: "https://pub.dev"
    source: hosted
    version: "0.5.0"
  meta:
    dependency: transitive
    description:
      name: meta
      sha256: a6e590c838b18133bb482a2745ad77c5bb7715fb0451209e1a7567d416678b8e
      url: "https://pub.dev"
    source: hosted
    version: "1.10.0"
  nested:
    dependency: transitive
    description:
      name: nested
      sha256: "03bac4c528c64c95c722ec99280375a6f2fc708eec17c7b3f07253b626cd2a20"
      url: "https://pub.dev"
    source: hosted
    version: "1.0.0"
  open_file:
    dependency: "direct main"
    description:
      name: open_file
      sha256: "5cd0288033d613ee7908aa974b7ff00805ae55d253f64d311603cf2e30613ca8"
      url: "https://pub.dev"
    source: hosted
    version: "3.2.1"
  path:
    dependency: "direct main"
    description:
      name: path
      sha256: "8829d8a55c13fc0e37127c29fedf290c102f4e40ae94ada574091fe0ff96c917"
      url: "https://pub.dev"
    source: hosted
    version: "1.8.3"
  path_parsing:
    dependency: transitive
    description:
      name: path_parsing
      sha256: "9508ebdf1c3ac3a68ad5fb15edab8b026382999f18f77352349e56fbd74183ac"
      url: "https://pub.dev"
    source: hosted
    version: "1.0.0"
  path_provider:
    dependency: "direct main"
    description:
      name: path_provider
      sha256: e92dee4d38a9044605cb3fb253e9b46eb9375dfcad4515d0379b44ac90797568
      url: "https://pub.dev"
    source: hosted
    version: "2.0.9"
  path_provider_android:
    dependency: transitive
    description:
      name: path_provider_android
      sha256: "8b759fb6c74955931e87f550cc9e890b0cccb7ef8e710943973efeaa9695c54d"
      url: "https://pub.dev"
    source: hosted
    version: "2.0.12"
  path_provider_ios:
    dependency: transitive
    description:
      name: path_provider_ios
      sha256: "943b76e54056386432cdc2731cb303e2f580346b61a1fc73819721767be72309"
      url: "https://pub.dev"
    source: hosted
    version: "2.0.8"
  path_provider_linux:
    dependency: transitive
    description:
      name: path_provider_linux
      sha256: "1e109f4df28bd95eab71e323008b53d19c4d633bc1ab05b577518773474e9621"
      url: "https://pub.dev"
    source: hosted
    version: "2.1.5"
  path_provider_macos:
    dependency: transitive
    description:
      name: path_provider_macos
      sha256: "0adeb313e1f2c3fc52baeeee59b0fe9c2d1f7da56fd96a9234e1702ec653a453"
      url: "https://pub.dev"
    source: hosted
    version: "2.0.5"
  path_provider_platform_interface:
    dependency: transitive
    description:
      name: path_provider_platform_interface
      sha256: "3dc0d51b07f85fec3746d9f4e8d31c73bb173cafa2e763f03f8df2e8d1878882"
      url: "https://pub.dev"
    source: hosted
    version: "2.0.3"
  path_provider_windows:
    dependency: transitive
    description:
      name: path_provider_windows
      sha256: "366ad4e3541ea707f859e7148d4d5aba67d589d7936cee04a05c464a277eeb27"
      url: "https://pub.dev"
    source: hosted
    version: "2.0.5"
  pdf:
    dependency: "direct main"
    description:
      name: pdf
      sha256: a2e8d472dadeef103a5a0ad1ffa222826367e0bded1ff7d7d1ccc21cf35ef77c
      url: "https://pub.dev"
    source: hosted
    version: "3.7.2"
  petitparser:
    dependency: transitive
    description:
      name: petitparser
      sha256: "1a914995d4ef10c94ff183528c120d35ed43b5eaa8713fc6766a9be4570782e2"
      url: "https://pub.dev"
    source: hosted
    version: "4.4.0"
  platform:
    dependency: transitive
    description:
      name: platform
      sha256: "4a451831508d7d6ca779f7ac6e212b4023dd5a7d08a27a63da33756410e32b76"
      url: "https://pub.dev"
    source: hosted
    version: "3.1.0"
  plugin_platform_interface:
    dependency: transitive
    description:
      name: plugin_platform_interface
      sha256: "075f927ebbab4262ace8d0b283929ac5410c0ac4e7fc123c76429564facfb757"
      url: "https://pub.dev"
    source: hosted
    version: "2.1.2"
  process:
    dependency: transitive
    description:
      name: process
      sha256: "53fd8db9cec1d37b0574e12f07520d582019cb6c44abf5479a01505099a34a09"
      url: "https://pub.dev"
    source: hosted
    version: "4.2.4"
  provider:
    dependency: "direct main"
    description:
      name: provider
      sha256: "7896193cf752c40ba7f7732a95264319a787871e5d628225357f5c909182bc06"
      url: "https://pub.dev"
    source: hosted
    version: "6.0.2"
  qr:
    dependency: transitive
    description:
      name: qr
      sha256: df93259c1b5cca444b77e0b2b0e133219b1650d0d9b848c35097da3a8d4123f3
      url: "https://pub.dev"
    source: hosted
    version: "3.0.0"
  rxdart:
    dependency: transitive
    description:
      name: rxdart
      sha256: "2ef8b4e91cb3b55d155e0e34eeae0ac7107974e451495c955ac04ddee8cc21fd"
      url: "https://pub.dev"
    source: hosted
    version: "0.26.0"
  shared_preferences:
    dependency: "direct main"
    description:
      name: shared_preferences
      sha256: "1cd0c3c0be0826eb52362ab018a81eed13b616ad9a52548c6ceb1bb349e6b6eb"
      url: "https://pub.dev"
    source: hosted
    version: "2.0.13"
  shared_preferences_android:
    dependency: transitive
    description:
      name: shared_preferences_android
      sha256: bc236594233d10b7668dd90414fe0e09d906115aaa1dfe269e478e5f2af532a6
      url: "https://pub.dev"
    source: hosted
    version: "2.0.11"
  shared_preferences_ios:
    dependency: transitive
    description:
      name: shared_preferences_ios
      sha256: "69d593a80fee48b97c66787eb930cdd42941c1537e80a1ff88a8c12a926c47d4"
      url: "https://pub.dev"
    source: hosted
    version: "2.1.0"
  shared_preferences_linux:
    dependency: transitive
    description:
      name: shared_preferences_linux
      sha256: ac361c65c4cf342dfc0a8b9e45eab66b9b3ad6eaff9785850d4ec0cf6b474422
      url: "https://pub.dev"
    source: hosted
    version: "2.1.0"
  shared_preferences_macos:
    dependency: transitive
    description:
      name: shared_preferences_macos
      sha256: f063907c3f678de8daa033d234b7c9e420df5fe3d499a97bfb82cc30cf171496
      url: "https://pub.dev"
    source: hosted
    version: "2.0.3"
  shared_preferences_platform_interface:
    dependency: transitive
    description:
      name: shared_preferences_platform_interface
      sha256: "992f0fdc46d0a3c0ac2e5859f2de0e577bbe51f78a77ee8f357cbe626a2ad32d"
      url: "https://pub.dev"
    source: hosted
    version: "2.0.0"
  shared_preferences_web:
    dependency: transitive
    description:
      name: shared_preferences_web
      sha256: "09da0185028a227d51721cade7a3cbd5cc5f163a19593266f2acba87f729bf9c"
      url: "https://pub.dev"
    source: hosted
    version: "2.0.3"
  shared_preferences_windows:
    dependency: transitive
    description:
      name: shared_preferences_windows
      sha256: ae68cf0df0910e38c95522dbd8a6082ce9715053c369750c5709d17de81d032e
      url: "https://pub.dev"
    source: hosted
    version: "2.1.0"
  sky_engine:
    dependency: transitive
    description: flutter
    source: sdk
    version: "0.0.99"
  source_span:
    dependency: transitive
    description:
      name: source_span
      sha256: "53e943d4206a5e30df338fd4c6e7a077e02254531b138a15aec3bd143c1a8b3c"
      url: "https://pub.dev"
    source: hosted
    version: "1.10.0"
  sqflite:
    dependency: "direct main"
    description:
      name: sqflite
      sha256: f83e4c46d693b02436348a3a8693fa0fa50b0d98eeb55afc7579b70b0d8967f6
      url: "https://pub.dev"
    source: hosted
    version: "2.0.2"
  sqflite_common:
    dependency: transitive
    description:
      name: sqflite_common
      sha256: c65f003175e4d0559af8180000eec451479b1017bd6c7a7d446c9ae3fecbea0a
      url: "https://pub.dev"
    source: hosted
    version: "2.2.0"
  stack_trace:
    dependency: transitive
    description:
      name: stack_trace
      sha256: "73713990125a6d93122541237550ee3352a2d84baad52d375a4cad2eb9b7ce0b"
      url: "https://pub.dev"
    source: hosted
    version: "1.11.1"
  stream_channel:
    dependency: transitive
    description:
      name: stream_channel
      sha256: ba2aa5d8cc609d96bbb2899c28934f9e1af5cddbd60a827822ea467161eb54e7
      url: "https://pub.dev"
    source: hosted
    version: "2.1.2"
  string_scanner:
    dependency: transitive
    description:
      name: string_scanner
      sha256: "556692adab6cfa87322a115640c11f13cb77b3f076ddcc5d6ae3c20242bedcde"
      url: "https://pub.dev"
    source: hosted
    version: "1.2.0"
  synchronized:
    dependency: transitive
    description:
      name: synchronized
      sha256: "271977ff1e9e82ceefb4f08424b8839f577c1852e0726b5ce855311b46d3ef83"
      url: "https://pub.dev"
    source: hosted
    version: "3.0.0"
  term_glyph:
    dependency: transitive
    description:
      name: term_glyph
      sha256: a29248a84fbb7c79282b40b8c72a1209db169a2e0542bce341da992fe1bc7e84
      url: "https://pub.dev"
    source: hosted
    version: "1.2.1"
  test_api:
    dependency: transitive
    description:
      name: test_api
      sha256: "5c2f730018264d276c20e4f1503fd1308dfbbae39ec8ee63c5236311ac06954b"
      url: "https://pub.dev"
    source: hosted
    version: "0.6.1"
  typed_data:
    dependency: transitive
    description:
      name: typed_data
      sha256: "53bdf7e979cfbf3e28987552fd72f637e63f3c8724c9e56d9246942dc2fa36ee"
      url: "https://pub.dev"
    source: hosted
    version: "1.3.0"
  uuid:
    dependency: "direct main"
    description:
      name: uuid
      sha256: "2469694ad079893e3b434a627970c33f2fa5adc46dfe03c9617546969a9a8afc"
      url: "https://pub.dev"
    source: hosted
    version: "3.0.6"
  vector_math:
    dependency: transitive
    description:
      name: vector_math
      sha256: "80b3257d1492ce4d091729e3a67a60407d227c27241d6927be0130c98e741803"
      url: "https://pub.dev"
    source: hosted
    version: "2.1.4"
  web:
    dependency: transitive
    description:
      name: web
      sha256: afe077240a270dcfd2aafe77602b4113645af95d0ad31128cc02bce5ac5d5152
      url: "https://pub.dev"
    source: hosted
    version: "0.3.0"
  win32:
    dependency: transitive
    description:
      name: win32
      sha256: cde1e6d546d8cfd0b3c72bc6f29d980fa629d1cb107f38e2a039ca5d10d79e41
      url: "https://pub.dev"
    source: hosted
    version: "2.4.1"
  xdg_directories:
    dependency: transitive
    description:
      name: xdg_directories
      sha256: "060b6e1c891d956f72b5ac9463466c37cce3fa962a921532fc001e86fe93438e"
      url: "https://pub.dev"
    source: hosted
    version: "0.2.0+1"
  xml:
    dependency: transitive
    description:
      name: xml
      sha256: baa23bcba1ba4ce4b22c0c7a1d9c861e7015cb5169512676da0b85138e72840c
      url: "https://pub.dev"
    source: hosted
    version: "5.3.1"
sdks:
  dart: ">=3.2.0-194.0.dev <4.0.0"
  flutter: ">=2.8.0"
